
Microsoft Visual Studio Solution File, Format Version 12.00
# Visual Studio 14
VisualStudioVersion = 14.0.25420.1
MinimumVisualStudioVersion = 10.0.40219.1
Project("{FAE04EC0-301F-11D3-BF4B-00C04F79EFBC}") = "SecurityWorkBench_Tutorials", "AdminLTE1\SecurityWorkBench_Tutorials.csproj", "{BB0BA5D1-9643-46F1-B76D-3D4808E29928}"
EndProject
Global
	GlobalSection(SolutionConfigurationPlatforms) = preSolution
		Debug|Any CPU = Debug|Any CPU
		Release|Any CPU = Release|Any CPU
	EndGlobalSection
	GlobalSection(ProjectConfigurationPlatforms) = postSolution
		{BB0BA5D1-9643-46F1-B76D-3D4808E29928}.Debug|Any CPU.ActiveCfg = Debug|Any CPU
		{BB0BA5D1-9643-46F1-B76D-3D4808E29928}.Debug|Any CPU.Build.0 = Debug|Any CPU
		{BB0BA5D1-9643-46F1-B76D-3D4808E29928}.Release|Any CPU.ActiveCfg = Release|Any CPU
		{BB0BA5D1-9643-46F1-B76D-3D4808E29928}.Release|Any CPU.Build.0 = Release|Any CPU
	EndGlobalSection
	GlobalSection(SolutionProperties) = preSolution
		HideSolutionNode = FALSE
	EndGlobalSection
	GlobalSection(ExtensibilityGlobals) = postSolution
		SolutionGuid = {BA661BF7-0446-42D9-9695-08ADC4B5F25F}
	EndGlobalSection
EndGlobal
